<?xml version="1.0" encoding="utf-8"?>
<Project ToolsVersion="4.0" xmlns="http://schemas.microsoft.com/developer/msbuild/2003">
  <ItemGroup>
    <Filter Include="Codigo Fuente">
      <UniqueIdentifier>{0132418a-79fe-4a44-b9de-c9bfed23695e}</UniqueIdentifier>
    </Filter>
    <Filter Include="headers">
      <UniqueIdentifier>{080a4b78-b1da-44f2-9acc-845cb4dacc31}</UniqueIdentifier>
    </Filter>
    <Filter Include="filescode">
      <UniqueIdentifier>{27b73e05-361b-468f-8fcf-8ef08934f62b}</UniqueIdentifier>
    </Filter>
  </ItemGroup>
  <ItemGroup>
    <ClCompile Include="..\src\main.cpp">
      <Filter>Codigo Fuente</Filter>
    </ClCompile>
    <ClCompile Include="..\src\Visuals\Image.cpp">
      <Filter>filescode</Filter>
    </ClCompile>
    <ClCompile Include="..\src\Visuals\Texture.cpp">
      <Filter>filescode</Filter>
    </ClCompile>
    <ClCompile Include="..\src\Screens\FinalMenu.cpp">
      <Filter>filescode</Filter>
    </ClCompile>
    <ClCompile Include="..\src\Screens\Gameplay.cpp">
      <Filter>filescode</Filter>
    </ClCompile>
    <ClCompile Include="..\src\Screens\Menu.cpp">
      <Filter>filescode</Filter>
    </ClCompile>
    <ClCompile Include="..\src\Game\Game.cpp">
      <Filter>filescode</Filter>
    </ClCompile>
    <ClCompile Include="..\src\Functions\Collision.cpp">
      <Filter>filescode</Filter>
    </ClCompile>
    <ClCompile Include="..\src\Functions\Initialize.cpp">
      <Filter>filescode</Filter>
    </ClCompile>
    <ClCompile Include="..\src\Functions\Unload.cpp">
      <Filter>filescode</Filter>
    </ClCompile>
    <ClCompile Include="..\src\GameObjects\Ball.cpp">
      <Filter>filescode</Filter>
    </ClCompile>
    <ClCompile Include="..\src\GameObjects\Palette.cpp">
      <Filter>filescode</Filter>
    </ClCompile>
  </ItemGroup>
  <ItemGroup>
    <ClInclude Include="..\src\Functions\Collision.h">
      <Filter>headers</Filter>
    </ClInclude>
    <ClInclude Include="..\src\Functions\Initialize.h">
      <Filter>headers</Filter>
    </ClInclude>
    <ClInclude Include="..\src\Functions\Unload.h">
      <Filter>headers</Filter>
    </ClInclude>
    <ClInclude Include="..\src\Game\Game.h">
      <Filter>headers</Filter>
    </ClInclude>
    <ClInclude Include="..\src\Screens\FinalMenu.h">
      <Filter>headers</Filter>
    </ClInclude>
    <ClInclude Include="..\src\Screens\Gameplay.h">
      <Filter>headers</Filter>
    </ClInclude>
    <ClInclude Include="..\src\Screens\Menu.h">
      <Filter>headers</Filter>
    </ClInclude>
    <ClInclude Include="..\src\Visuals\Image.h">
      <Filter>headers</Filter>
    </ClInclude>
    <ClInclude Include="..\src\Visuals\Texture.h">
      <Filter>headers</Filter>
    </ClInclude>
    <ClInclude Include="..\src\GameObjects\Ball.h">
      <Filter>headers</Filter>
    </ClInclude>
    <ClInclude Include="..\src\GameObjects\Palette.h">
      <Filter>headers</Filter>
    </ClInclude>
  </ItemGroup>
</Project>